github.com/wildtechgarden/a-wild-theme-mod-hugo v0.0.0-20230821044101-006abebcc5b0 h1:X9rr7uSoqUh5OyCbDSFY3ltkQY8AySJ6Wj6/nXmWAm4=
github.com/wildtechgarden/a-wild-theme-mod-hugo v0.0.0-20230821044101-006abebcc5b0/go.mod h1:CixoGYgWv4cXOKkg/L/KZF5+8wqeqrY4+CMVxZld0kw=
github.com/wildtechgarden/module-starter-hugo-wtg v0.0.0-20230820190603-631cffcb62a4 h1:tKYSsUUrLmpnS/NCHjUrSYa0qQ4kh8Yv/TfKZZLBsYY=
github.com/wildtechgarden/module-starter-hugo-wtg v0.0.0-20230820190603-631cffcb62a4/go.mod h1:aec+/6Y5Q88p+GODm1s1algZifaURulM86kDiCcoNa0=
