github.com/wildtechgarden/a-wild-theme-mod-hugo v0.1.0-alpha.2 h1:7oYHihvuKUSqHyEdIhxMLiDWxLUKamjwuTNaL7MuDe0=
github.com/wildtechgarden/a-wild-theme-mod-hugo v0.1.0-alpha.2/go.mod h1:sMBPeIIeZ7XpWoLoVxmJf5QDfGbxqTzfayeRamKfARs=
github.com/wildtechgarden/minimal-test-theme-hugo-wtg v0.5.5 h1:shuNeXytlk7MLuVPzme5weM/WKlsGO8u0CE4oIVNo/U=
github.com/wildtechgarden/minimal-test-theme-hugo-wtg v0.5.5/go.mod h1:tcT4l0IHX8ifetQ3k/DQT3dqBeavIN6u/efkl7YCBlU=
github.com/wildtechgarden/module-starter-hugo-wtg v0.0.0-20230903173910-7f7720e1166d h1:YEVpt4c2eTV6Mvou2C80zLkakdr1A7QivMwcJ4smji4=
github.com/wildtechgarden/module-starter-hugo-wtg v0.0.0-20230903173910-7f7720e1166d/go.mod h1:aec+/6Y5Q88p+GODm1s1algZifaURulM86kDiCcoNa0=
