github.com/wildtechgarden/a-wild-theme-mod-hugo v0.2.0-alpha.1 h1:ikaLLiGBTzwZzhwOcEvr3Nlk6IRO5zqL9hx+WpOw+Lk=
github.com/wildtechgarden/a-wild-theme-mod-hugo v0.2.0-alpha.1/go.mod h1:JjEL72sxvBLjhO2MVpgjWlozCe+dPuinYbPyAzSSyh0=
github.com/wildtechgarden/audit-build-action-hugo v0.1.3 h1:nZEFGx1EARYv+vLL85YIbPb8BFJC2NoQS5icqAKqoL4=
github.com/wildtechgarden/audit-build-action-hugo v0.1.3/go.mod h1:vCd/7Wyd77Y5it30c8FZDkv9u/XeA7FXQEpf+yD4Xtg=
github.com/wildtechgarden/module-starter-hugo-wtg v0.0.0-20231029233155-d6ca28037fbe h1:ZEXcBDzsTqbkbzEYSznai6XPQ7HRjYoDLetxnc3LhN4=
github.com/wildtechgarden/module-starter-hugo-wtg v0.0.0-20231029233155-d6ca28037fbe/go.mod h1:N2xYrjwJXmN6i3LUGQOt4wBrNkupu/1D8bOLvpu53eo=
github.com/wildtechgarden/validator-html-action v0.1.1 h1:0C0JXKJf4r/e+fSX9dY79kkt8TwpRFskeqmhPWfvtnw=
github.com/wildtechgarden/validator-html-action v0.1.1/go.mod h1:u3bpHO/60xqRDW5C149/QoX3ONpYZDBBP+/TxFOxkYI=
